// !$*UTF8*$!
{
	archiveVersion = 1;
	classes = {
	};
	objectVersion = 46;
	objects = {

/* Begin PBXBuildFile section */
		65DC48DC18CB115000E773AC /* Foundation.framework in Frameworks */ = {isa = PBXBuildFile; fileRef = 65DC48DB18CB115000E773AC /* Foundation.framework */; };
		65DC48DE18CB115000E773AC /* CoreGraphics.framework in Frameworks */ = {isa = PBXBuildFile; fileRef = 65DC48DD18CB115000E773AC /* CoreGraphics.framework */; };
		65DC48E018CB115000E773AC /* UIKit.framework in Frameworks */ = {isa = PBXBuildFile; fileRef = 65DC48DF18CB115000E773AC /* UIKit.framework */; };
		65DC48E618CB115100E773AC /* InfoPlist.strings in Resources */ = {isa = PBXBuildFile; fileRef = 65DC48E418CB115100E773AC /* InfoPlist.strings */; };
		65DC48E818CB115100E773AC /* main.m in Sources */ = {isa = PBXBuildFile; fileRef = 65DC48E718CB115100E773AC /* main.m */; };
		65DC48EC18CB115100E773AC /* AppDelegate.m in Sources */ = {isa = PBXBuildFile; fileRef = 65DC48EB18CB115100E773AC /* AppDelegate.m */; };
		65DC48EE18CB115100E773AC /* Images.xcassets in Resources */ = {isa = PBXBuildFile; fileRef = 65DC48ED18CB115100E773AC /* Images.xcassets */; };
		65DC48F518CB115100E773AC /* XCTest.framework in Frameworks */ = {isa = PBXBuildFile; fileRef = 65DC48F418CB115100E773AC /* XCTest.framework */; };
		65DC48F618CB115100E773AC /* Foundation.framework in Frameworks */ = {isa = PBXBuildFile; fileRef = 65DC48DB18CB115000E773AC /* Foundation.framework */; };
		65DC48F718CB115100E773AC /* UIKit.framework in Frameworks */ = {isa = PBXBuildFile; fileRef = 65DC48DF18CB115000E773AC /* UIKit.framework */; };
		65DC48FF18CB115100E773AC /* InfoPlist.strings in Resources */ = {isa = PBXBuildFile; fileRef = 65DC48FD18CB115100E773AC /* InfoPlist.strings */; };
		65DC490118CB115100E773AC /* DemoTests.m in Sources */ = {isa = PBXBuildFile; fileRef = 65DC490018CB115100E773AC /* DemoTests.m */; };
/* End PBXBuildFile section */

/* Begin PBXContainerItemProxy section */
		65DC48F818CB115100E773AC /* PBXContainerItemProxy */ = {
			isa = PBXContainerItemProxy;
			containerPortal = 65DC48D018CB115000E773AC /* Project object */;
			proxyType = 1;
			remoteGlobalIDString = 65DC48D718CB115000E773AC;
			remoteInfo = Demo;
		};
/* End PBXContainerItemProxy section */

/* Begin PBXFileReference section */
		65DC48D818CB115000E773AC /* Demo.app */ = {isa = PBXFileReference; explicitFileType = wrapper.application; includeInIndex = 0; path = Demo.app; sourceTree = BUILT_PRODUCTS_DIR; };
		65DC48DB18CB115000E773AC /* Foundation.framework */ = {isa = PBXFileReference; lastKnownFileType = wrapper.framework; name = Foundation.framework; path = System/Library/Frameworks/Foundation.framework; sourceTree = SDKROOT; };
		65DC48DD18CB115000E773AC /* CoreGraphics.framework */ = {isa = PBXFileReference; lastKnownFileType = wrapper.framework; name = CoreGraphics.framework; path = System/Library/Frameworks/CoreGraphics.framework; sourceTree = SDKROOT; };
		65DC48DF18CB115000E773AC /* UIKit.framework */ = {isa = PBXFileReference; lastKnownFileType = wrapper.framework; name = UIKit.framework; path = System/Library/Frameworks/UIKit.framework; sourceTree = SDKROOT; };
		65DC48E318CB115100E773AC /* Demo-Info.plist */ = {isa = PBXFileReference; lastKnownFileType = text.plist.xml; path = "Demo-Info.plist"; sourceTree = "<group>"; };
		65DC48E518CB115100E773AC /* en */ = {isa = PBXFileReference; lastKnownFileType = text.plist.strings; name = en; path = en.lproj/InfoPlist.strings; sourceTree = "<group>"; };
		65DC48E718CB115100E773AC /* main.m */ = {isa = PBXFileReference; lastKnownFileType = sourcecode.c.objc; path = main.m; sourceTree = "<group>"; };
		65DC48E918CB115100E773AC /* Demo-Prefix.pch */ = {isa = PBXFileReference; lastKnownFileType = sourcecode.c.h; path = "Demo-Prefix.pch"; sourceTree = "<group>"; };
		65DC48EA18CB115100E773AC /* AppDelegate.h */ = {isa = PBXFileReference; lastKnownFileType = sourcecode.c.h; path = AppDelegate.h; sourceTree = "<group>"; };
		65DC48EB18CB115100E773AC /* AppDelegate.m */ = {isa = PBXFileReference; lastKnownFileType = sourcecode.c.objc; path = AppDelegate.m; sourceTree = "<group>"; };
		65DC48ED18CB115100E773AC /* Images.xcassets */ = {isa = PBXFileReference; lastKnownFileType = folder.assetcatalog; path = Images.xcassets; sourceTree = "<group>"; };
		65DC48F318CB115100E773AC /* DemoTests.xctest */ = {isa = PBXFileReference; explicitFileType = wrapper.cfbundle; includeInIndex = 0; path = DemoTests.xctest; sourceTree = BUILT_PRODUCTS_DIR; };
		65DC48F418CB115100E773AC /* XCTest.framework */ = {isa = PBXFileReference; lastKnownFileType = wrapper.framework; name = XCTest.framework; path = Library/Frameworks/XCTest.framework; sourceTree = DEVELOPER_DIR; };
		65DC48FC18CB115100E773AC /* DemoTests-Info.plist */ = {isa = PBXFileReference; lastKnownFileType = text.plist.xml; path = "DemoTests-Info.plist"; sourceTree = "<group>"; };
		65DC48FE18CB115100E773AC /* en */ = {isa = PBXFileReference; lastKnownFileType = text.plist.strings; name = en; path = en.lproj/InfoPlist.strings; sourceTree = "<group>"; };
		65DC490018CB115100E773AC /* DemoTests.m */ = {isa = PBXFileReference; lastKnownFileType = sourcecode.c.objc; path = DemoTests.m; sourceTree = "<group>"; };
/* End PBXFileReference section */

/* Begin PBXFrameworksBuildPhase section */
		65DC48D518CB115000E773AC /* Frameworks */ = {
			isa = PBXFrameworksBuildPhase;
			buildActionMask = 2147483647;
			files = (
				65DC48DE18CB115000E773AC /* CoreGraphics.framework in Frameworks */,
				65DC48E018CB115000E773AC /* UIKit.framework in Frameworks */,
				65DC48DC18CB115000E773AC /* Foundation.framework in Frameworks */,
			);
			runOnlyForDeploymentPostprocessing = 0;
		};
		65DC48F018CB115100E773AC /* Frameworks */ = {
			isa = PBXFrameworksBuildPhase;
			buildActionMask = 2147483647;
			files = (
				65DC48F518CB115100E773AC /* XCTest.framework in Frameworks */,
				65DC48F718CB115100E773AC /* UIKit.framework in Frameworks */,
				65DC48F618CB115100E773AC /* Foundation.framework in Frameworks */,
			);
			runOnlyForDeploymentPostprocessing = 0;
		};
/* End PBXFrameworksBuildPhase section */

/* Begin PBXGroup section */
		65DC48CF18CB115000E773AC = {
			isa = PBXGroup;
			children = (
				65DC48E118CB115100E773AC /* Demo */,
				65DC48FA18CB115100E773AC /* DemoTests */,
				65DC48DA18CB115000E773AC /* Frameworks */,
				65DC48D918CB115000E773AC /* Products */,
			);
			sourceTree = "<group>";
		};
		65DC48D918CB115000E773AC /* Products */ = {
			isa = PBXGroup;
			children = (
				65DC48D818CB115000E773AC /* Demo.app */,
				65DC48F318CB115100E773AC /* DemoTests.xctest */,
			);
			name = Products;
			sourceTree = "<group>";
		};
		65DC48DA18CB115000E773AC /* Frameworks */ = {
			isa = PBXGroup;
			children = (
				65DC48DB18CB115000E773AC /* Foundation.framework */,
				65DC48DD18CB115000E773AC /* CoreGraphics.framework */,
				65DC48DF18CB115000E773AC /* UIKit.framework */,
				65DC48F418CB115100E773AC /* XCTest.framework */,
			);
			name = Frameworks;
			sourceTree = "<group>";
		};
		65DC48E118CB115100E773AC /* Demo */ = {
			isa = PBXGroup;
			children = (
				65DC48EA18CB115100E773AC /* AppDelegate.h */,
				65DC48EB18CB115100E773AC /* AppDelegate.m */,
				65DC48ED18CB115100E773AC /* Images.xcassets */,
				65DC48E218CB115100E773AC /* Supporting Files */,
			);
			path = Demo;
			sourceTree = "<group>";
		};
		65DC48E218CB115100E773AC /* Supporting Files */ = {
			isa = PBXGroup;
			children = (
				65DC48E318CB115100E773AC /* Demo-Info.plist */,
				65DC48E418CB115100E773AC /* InfoPlist.strings */,
				65DC48E718CB115100E773AC /* main.m */,
				65DC48E918CB115100E773AC /* Demo-Prefix.pch */,
			);
			name = "Supporting Files";
			sourceTree = "<group>";
		};
		65DC48FA18CB115100E773AC /* DemoTests */ = {
			isa = PBXGroup;
			children = (
				65DC490018CB115100E773AC /* DemoTests.m */,
				65DC48FB18CB115100E773AC /* Supporting Files */,
			);
			path = DemoTests;
			sourceTree = "<group>";
		};
		65DC48FB18CB115100E773AC /* Supporting Files */ = {
			isa = PBXGroup;
			children = (
				65DC48FC18CB115100E773AC /* DemoTests-Info.plist */,
				65DC48FD18CB115100E773AC /* InfoPlist.strings */,
			);
			name = "Supporting Files";
			sourceTree = "<group>";
		};
/* End PBXGroup section */

/* Begin PBXNativeTarget section */
		65DC48D718CB115000E773AC /* Demo */ = {
			isa = PBXNativeTarget;
			buildConfigurationList = 65DC490418CB115100E773AC /* Build configuration list for PBXNativeTarget "Demo" */;
			buildPhases = (
				65DC48D418CB115000E773AC /* Sources */,
				65DC48D518CB115000E773AC /* Frameworks */,
				65DC48D618CB115000E773AC /* Resources */,
			);
			buildRules = (
			);
			dependencies = (
			);
			name = Demo;
			productName = Demo;
			productReference = 65DC48D818CB115000E773AC /* Demo.app */;
			productType = "com.apple.product-type.application";
		};
		65DC48F218CB115100E773AC /* DemoTests */ = {
			isa = PBXNativeTarget;
			buildConfigurationList = 65DC490718CB115100E773AC /* Build configuration list for PBXNativeTarget "DemoTests" */;
			buildPhases = (
				65DC48EF18CB115100E773AC /* Sources */,
				65DC48F018CB115100E773AC /* Frameworks */,
				65DC48F118CB115100E773AC /* Resources */,
			);
			buildRules = (
			);
			dependencies = (
				65DC48F918CB115100E773AC /* PBXTargetDependency */,
			);
			name = DemoTests;
			productName = DemoTests;
			productReference = 65DC48F318CB115100E773AC /* DemoTests.xctest */;
			productType = "com.apple.product-type.bundle.unit-test";
		};
/* End PBXNativeTarget section */

/* Begin PBXProject section */
		65DC48D018CB115000E773AC /* Project object */ = {
			isa = PBXProject;
			attributes = {
				LastUpgradeCheck = 0500;
				ORGANIZATIONNAME = Codeserv;
				TargetAttributes = {
					65DC48F218CB115100E773AC = {
						TestTargetID = 65DC48D718CB115000E773AC;
					};
				};
			};
			buildConfigurationList = 65DC48D318CB115000E773AC /* Build configuration list for PBXProject "Demo" */;
			compatibilityVersion = "Xcode 3.2";
			developmentRegion = English;
			hasScannedForEncodings = 0;
			knownRegions = (
				en,
			);
			mainGroup = 65DC48CF18CB115000E773AC;
			productRefGroup = 65DC48D918CB115000E773AC /* Products */;
			projectDirPath = "";
			projectRoot = "";
			targets = (
				65DC48D718CB115000E773AC /* Demo */,
				65DC48F218CB115100E773AC /* DemoTests */,
			);
		};
/* End PBXProject section */

/* Begin PBXResourcesBuildPhase section */
		65DC48D618CB115000E773AC /* Resources */ = {
			isa = PBXResourcesBuildPhase;
			buildActionMask = 2147483647;
			files = (
				65DC48E618CB115100E773AC /* InfoPlist.strings in Resources */,
				65DC48EE18CB115100E773AC /* Images.xcassets in Resources */,
			);
			runOnlyForDeploymentPostprocessing = 0;
		};
		65DC48F118CB115100E773AC /* Resources */ = {
			isa = PBXResourcesBuildPhase;
			buildActionMask = 2147483647;
			files = (
				65DC48FF18CB115100E773AC /* InfoPlist.strings in Resources */,
			);
			runOnlyForDeploymentPostprocessing = 0;
		};
/* End PBXResourcesBuildPhase section */

/* Begin PBXSourcesBuildPhase section */
		65DC48D418CB115000E773AC /* Sources */ = {
			isa = PBXSourcesBuildPhase;
			buildActionMask = 2147483647;
			files = (
				65DC48EC18CB115100E773AC /* AppDelegate.m in Sources */,
				65DC48E818CB115100E773AC /* main.m in Sources */,
			);
			runOnlyForDeploymentPostprocessing = 0;
		};
		65DC48EF18CB115100E773AC /* Sources */ = {
			isa = PBXSourcesBuildPhase;
			buildActionMask = 2147483647;
			files = (
				65DC490118CB115100E773AC /* DemoTests.m in Sources */,
			);
			runOnlyForDeploymentPostprocessing = 0;
		};
/* End PBXSourcesBuildPhase section */

/* Begin PBXTargetDependency section */
		65DC48F918CB115100E773AC /* PBXTargetDependency */ = {
			isa = PBXTargetDependency;
			target = 65DC48D718CB115000E773AC /* Demo */;
			targetProxy = 65DC48F818CB115100E773AC /* PBXContainerItemProxy */;
		};
/* End PBXTargetDependency section */

/* Begin PBXVariantGroup section */
		65DC48E418CB115100E773AC /* InfoPlist.strings */ = {
			isa = PBXVariantGroup;
			children = (
				65DC48E518CB115100E773AC /* en */,
			);
			name = InfoPlist.strings;
			sourceTree = "<group>";
		};
		65DC48FD18CB115100E773AC /* InfoPlist.strings */ = {
			isa = PBXVariantGroup;
			children = (
				65DC48FE18CB115100E773AC /* en */,
			);
			name = InfoPlist.strings;
			sourceTree = "<group>";
		};
/* End PBXVariantGroup section */

/* Begin XCBuildConfiguration section */
		65DC490218CB115100E773AC /* Debug */ = {
			isa = XCBuildConfiguration;
			buildSettings = {
				ALWAYS_SEARCH_USER_PATHS = NO;
				ARCHS = "$(ARCHS_STANDARD_INCLUDING_64_BIT)";
				CLANG_CXX_LANGUAGE_STANDARD = "gnu++0x";
				CLANG_CXX_LIBRARY = "libc++";
				CLANG_ENABLE_MODULES = YES;
				CLANG_ENABLE_OBJC_ARC = YES;
				CLANG_WARN_BOOL_CONVERSION = YES;
				CLANG_WARN_CONSTANT_CONVERSION = YES;
				CLANG_WARN_DIRECT_OBJC_ISA_USAGE = YES_ERROR;
				CLANG_WARN_EMPTY_BODY = YES;
				CLANG_WARN_ENUM_CONVERSION = YES;
				CLANG_WARN_INT_CONVERSION = YES;
				CLANG_WARN_OBJC_ROOT_CLASS = YES_ERROR;
				CLANG_WARN__DUPLICATE_METHOD_MATCH = YES;
				"CODE_SIGN_IDENTITY[sdk=iphoneos*]" = "iPhone Developer";
				COPY_PHASE_STRIP = NO;
				GCC_C_LANGUAGE_STANDARD = gnu99;
				GCC_DYNAMIC_NO_PIC = NO;
				GCC_OPTIMIZATION_LEVEL = 0;
				GCC_PREPROCESSOR_DEFINITIONS = (
					"DEBUG=1",
					"$(inherited)",
				);
				GCC_SYMBOLS_PRIVATE_EXTERN = NO;
				GCC_WARN_64_TO_32_BIT_CONVERSION = YES;
				GCC_WARN_ABOUT_RETURN_TYPE = YES_ERROR;
				GCC_WARN_UNDECLARED_SELECTOR = YES;
				GCC_WARN_UNINITIALIZED_AUTOS = YES;
				GCC_WARN_UNUSED_FUNCTION = YES;
				GCC_WARN_UNUSED_VARIABLE = YES;
				IPHONEOS_DEPLOYMENT_TARGET = 7.0;
				ONLY_ACTIVE_ARCH = YES;
				SDKROOT = iphoneos;
			};
			name = Debug;
		};
		65DC490318CB115100E773AC /* Release */ = {
			isa = XCBuildConfiguration;
			buildSettings = {
				ALWAYS_SEARCH_USER_PATHS = NO;
				ARCHS = "$(ARCHS_STANDARD_INCLUDING_64_BIT)";
				CLANG_CXX_LANGUAGE_STANDARD = "gnu++0x";
				CLANG_CXX_LIBRARY = "libc++";
				CLANG_ENABLE_MODULES = YES;
				CLANG_ENABLE_OBJC_ARC = YES;
				CLANG_WARN_BOOL_CONVERSION = YES;
				CLANG_WARN_CONSTANT_CONVERSION = YES;
				CLANG_WARN_DIRECT_OBJC_ISA_USAGE = YES_ERROR;
				CLANG_WARN_EMPTY_BODY = YES;
				CLANG_WARN_ENUM_CONVERSION = YES;
				CLANG_WARN_INT_CONVERSION = YES;
				CLANG_WARN_OBJC_ROOT_CLASS = YES_ERROR;
				CLANG_WARN__DUPLICATE_METHOD_MATCH = YES;
				"CODE_SIGN_IDENTITY[sdk=iphoneos*]" = "iPhone Developer";
				COPY_PHASE_STRIP = YES;
				ENABLE_NS_ASSERTIONS = NO;
				GCC_C_LANGUAGE_STANDARD = gnu99;
				GCC_WARN_64_TO_32_BIT_CONVERSION = YES;
				GCC_WARN_ABOUT_RETURN_TYPE = YES_ERROR;
				GCC_WARN_UNDECLARED_SELECTOR = YES;
				GCC_WARN_UNINITIALIZED_AUTOS = YES;
				GCC_WARN_UNUSED_FUNCTION = YES;
				GCC_WARN_UNUSED_VARIABLE = YES;
				IPHONEOS_DEPLOYMENT_TARGET = 7.0;
				SDKROOT = iphoneos;
				VALIDATE_PRODUCT = YES;
			};
			name = Release;
		};
		65DC490518CB115100E773AC /* Debug */ = {
			isa = XCBuildConfiguration;
			buildSettings = {
				ASSETCATALOG_COMPILER_APPICON_NAME = AppIcon;
				ASSETCATALOG_COMPILER_LAUNCHIMAGE_NAME = LaunchImage;
				GCC_PRECOMPILE_PREFIX_HEADER = YES;
				GCC_PREFIX_HEADER = "Demo/Demo-Prefix.pch";
				INFOPLIST_FILE = "Demo/Demo-Info.plist";
				PRODUCT_NAME = "$(TARGET_NAME)";
				WRAPPER_EXTENSION = app;
			};
			name = Debug;
		};
		65DC490618CB115100E773AC /* Release */ = {
			isa = XCBuildConfiguration;
			buildSettings = {
				ASSETCATALOG_COMPILER_APPICON_NAME = AppIcon;
				ASSETCATALOG_COMPILER_LAUNCHIMAGE_NAME = LaunchImage;
				GCC_PRECOMPILE_PREFIX_HEADER = YES;
				GCC_PREFIX_HEADER = "Demo/Demo-Prefix.pch";
				INFOPLIST_FILE = "Demo/Demo-Info.plist";
				PRODUCT_NAME = "$(TARGET_NAME)";
				WRAPPER_EXTENSION = app;
			};
			name = Release;
		};
		65DC490818CB115100E773AC /* Debug */ = {
			isa = XCBuildConfiguration;
			buildSettings = {
				ARCHS = "$(ARCHS_STANDARD_INCLUDING_64_BIT)";
				BUNDLE_LOADER = "$(BUILT_PRODUCTS_DIR)/Demo.app/Demo";
				FRAMEWORK_SEARCH_PATHS = (
					"$(SDKROOT)/Developer/Library/Frameworks",
					"$(inherited)",
					"$(DEVELOPER_FRAMEWORKS_DIR)",
				);
				GCC_PRECOMPILE_PREFIX_HEADER = YES;
				GCC_PREFIX_HEADER = "Demo/Demo-Prefix.pch";
				GCC_PREPROCESSOR_DEFINITIONS = (
					"DEBUG=1",
					"$(inherited)",
				);
				INFOPLIST_FILE = "DemoTests/DemoTests-Info.plist";
				PRODUCT_NAME = "$(TARGET_NAME)";
				TEST_HOST = "$(BUNDLE_LOADER)";
				WRAPPER_EXTENSION = xctest;
			};
			name = Debug;
		};
		65DC490918CB115100E773AC /* Release */ = {
			isa = XCBuildConfiguration;
			buildSettings = {
				ARCHS = "$(ARCHS_STANDARD_INCLUDING_64_BIT)";
				BUNDLE_LOADER = "$(BUILT_PRODUCTS_DIR)/Demo.app/Demo";
				FRAMEWORK_SEARCH_PATHS = (
					"$(SDKROOT)/Developer/Library/Frameworks",
					"$(inherited)",
					"$(DEVELOPER_FRAMEWORKS_DIR)",
				);
				GCC_PRECOMPILE_PREFIX_HEADER = YES;
				GCC_PREFIX_HEADER = "Demo/Demo-Prefix.pch";
				INFOPLIST_FILE = "DemoTests/DemoTests-Info.plist";
				PRODUCT_NAME = "$(TARGET_NAME)";
				TEST_HOST = "$(BUNDLE_LOADER)";
				WRAPPER_EXTENSION = xctest;
			};
			name = Release;
		};
/* End XCBuildConfiguration section */

/* Begin XCConfigurationList section */
		65DC48D318CB115000E773AC /* Build configuration list for PBXProject "Demo" */ = {
			isa = XCConfigurationList;
			buildConfigurations = (
				65DC490218CB115100E773AC /* Debug */,
				65DC490318CB115100E773AC /* Release */,
			);
			defaultConfigurationIsVisible = 0;
			defaultConfigurationName = Release;
		};
		65DC490418CB115100E773AC /* Build configuration list for PBXNativeTarget "Demo" */ = {
			isa = XCConfigurationList;
			buildConfigurations = (
				65DC490518CB115100E773AC /* Debug */,
				65DC490618CB115100E773AC /* Release */,
			);
			defaultConfigurationIsVisible = 0;
		};
		65DC490718CB115100E773AC /* Build configuration list for PBXNativeTarget "DemoTests" */ = {
			isa = XCConfigurationList;
			buildConfigurations = (
				65DC490818CB115100E773AC /* Debug */,
				65DC490918CB115100E773AC /* Release */,
			);
			defaultConfigurationIsVisible = 0;
		};
/* End XCConfigurationList section */
	};
	rootObject = 65DC48D018CB115000E773AC /* Project object */;
}
