PODS:
  - CocoaSecurity (1.2.3)
  - OCThumbor (0.1.1):
    - CocoaSecurity (~> 1.2)

DEPENDENCIES:
  - OCThumbor (from `../OCThumbor.podspec`)

EXTERNAL SOURCES:
  OCThumbor:
    :path: ../OCThumbor.podspec

SPEC CHECKSUMS:
  CocoaSecurity: 9c82f530dc5b0516b04cc2ed4c2f5cd90f25352d
  OCThumbor: d70d43103c4d5102dae0ffd2241d078a7e65271d

COCOAPODS: 0.29.0
