// !$*UTF8*$!
{
	archiveVersion = 1;
	classes = {
	};
	objectVersion = 46;
	objects = {

/* Begin PBXBuildFile section */
		65DC492718CBB2B600E773AC /* Foundation.framework in Frameworks */ = {isa = PBXBuildFile; fileRef = 65DC492618CBB2B600E773AC /* Foundation.framework */; };
		65DC492918CBB2B600E773AC /* CoreGraphics.framework in Frameworks */ = {isa = PBXBuildFile; fileRef = 65DC492818CBB2B600E773AC /* CoreGraphics.framework */; };
		65DC492B18CBB2B600E773AC /* UIKit.framework in Frameworks */ = {isa = PBXBuildFile; fileRef = 65DC492A18CBB2B600E773AC /* UIKit.framework */; };
		65DC493118CBB2B600E773AC /* InfoPlist.strings in Resources */ = {isa = PBXBuildFile; fileRef = 65DC492F18CBB2B600E773AC /* InfoPlist.strings */; };
		65DC493318CBB2B600E773AC /* main.m in Sources */ = {isa = PBXBuildFile; fileRef = 65DC493218CBB2B600E773AC /* main.m */; };
		65DC493718CBB2B600E773AC /* AppDelegate.m in Sources */ = {isa = PBXBuildFile; fileRef = 65DC493618CBB2B600E773AC /* AppDelegate.m */; };
		65DC493A18CBB2B600E773AC /* Main.storyboard in Resources */ = {isa = PBXBuildFile; fileRef = 65DC493818CBB2B600E773AC /* Main.storyboard */; };
		65DC493D18CBB2B600E773AC /* ViewController.m in Sources */ = {isa = PBXBuildFile; fileRef = 65DC493C18CBB2B600E773AC /* ViewController.m */; };
		65DC493F18CBB2B600E773AC /* Images.xcassets in Resources */ = {isa = PBXBuildFile; fileRef = 65DC493E18CBB2B600E773AC /* Images.xcassets */; };
		65DC494618CBB2B600E773AC /* XCTest.framework in Frameworks */ = {isa = PBXBuildFile; fileRef = 65DC494518CBB2B600E773AC /* XCTest.framework */; };
		65DC494718CBB2B600E773AC /* Foundation.framework in Frameworks */ = {isa = PBXBuildFile; fileRef = 65DC492618CBB2B600E773AC /* Foundation.framework */; };
		65DC494818CBB2B600E773AC /* UIKit.framework in Frameworks */ = {isa = PBXBuildFile; fileRef = 65DC492A18CBB2B600E773AC /* UIKit.framework */; };
		65DC495018CBB2B600E773AC /* InfoPlist.strings in Resources */ = {isa = PBXBuildFile; fileRef = 65DC494E18CBB2B600E773AC /* InfoPlist.strings */; };
		65DC495218CBB2B600E773AC /* OCThumborExampleTests.m in Sources */ = {isa = PBXBuildFile; fileRef = 65DC495118CBB2B600E773AC /* OCThumborExampleTests.m */; };
		CD00DEDD63B1429BA026C60C /* libPods.a in Frameworks */ = {isa = PBXBuildFile; fileRef = 28B034695D20488485DE04FC /* libPods.a */; };
/* End PBXBuildFile section */

/* Begin PBXContainerItemProxy section */
		65DC494918CBB2B600E773AC /* PBXContainerItemProxy */ = {
			isa = PBXContainerItemProxy;
			containerPortal = 65DC491B18CBB2B600E773AC /* Project object */;
			proxyType = 1;
			remoteGlobalIDString = 65DC492218CBB2B600E773AC;
			remoteInfo = OCThumborExample;
		};
/* End PBXContainerItemProxy section */

/* Begin PBXFileReference section */
		28B034695D20488485DE04FC /* libPods.a */ = {isa = PBXFileReference; explicitFileType = archive.ar; includeInIndex = 0; path = libPods.a; sourceTree = BUILT_PRODUCTS_DIR; };
		65DC492318CBB2B600E773AC /* OCThumborExample.app */ = {isa = PBXFileReference; explicitFileType = wrapper.application; includeInIndex = 0; path = OCThumborExample.app; sourceTree = BUILT_PRODUCTS_DIR; };
		65DC492618CBB2B600E773AC /* Foundation.framework */ = {isa = PBXFileReference; lastKnownFileType = wrapper.framework; name = Foundation.framework; path = System/Library/Frameworks/Foundation.framework; sourceTree = SDKROOT; };
		65DC492818CBB2B600E773AC /* CoreGraphics.framework */ = {isa = PBXFileReference; lastKnownFileType = wrapper.framework; name = CoreGraphics.framework; path = System/Library/Frameworks/CoreGraphics.framework; sourceTree = SDKROOT; };
		65DC492A18CBB2B600E773AC /* UIKit.framework */ = {isa = PBXFileReference; lastKnownFileType = wrapper.framework; name = UIKit.framework; path = System/Library/Frameworks/UIKit.framework; sourceTree = SDKROOT; };
		65DC492E18CBB2B600E773AC /* OCThumborExample-Info.plist */ = {isa = PBXFileReference; lastKnownFileType = text.plist.xml; path = "OCThumborExample-Info.plist"; sourceTree = "<group>"; };
		65DC493018CBB2B600E773AC /* en */ = {isa = PBXFileReference; lastKnownFileType = text.plist.strings; name = en; path = en.lproj/InfoPlist.strings; sourceTree = "<group>"; };
		65DC493218CBB2B600E773AC /* main.m */ = {isa = PBXFileReference; lastKnownFileType = sourcecode.c.objc; path = main.m; sourceTree = "<group>"; };
		65DC493418CBB2B600E773AC /* OCThumborExample-Prefix.pch */ = {isa = PBXFileReference; lastKnownFileType = sourcecode.c.h; path = "OCThumborExample-Prefix.pch"; sourceTree = "<group>"; };
		65DC493518CBB2B600E773AC /* AppDelegate.h */ = {isa = PBXFileReference; lastKnownFileType = sourcecode.c.h; path = AppDelegate.h; sourceTree = "<group>"; };
		65DC493618CBB2B600E773AC /* AppDelegate.m */ = {isa = PBXFileReference; lastKnownFileType = sourcecode.c.objc; path = AppDelegate.m; sourceTree = "<group>"; };
		65DC493918CBB2B600E773AC /* Base */ = {isa = PBXFileReference; lastKnownFileType = file.storyboard; name = Base; path = Base.lproj/Main.storyboard; sourceTree = "<group>"; };
		65DC493B18CBB2B600E773AC /* ViewController.h */ = {isa = PBXFileReference; lastKnownFileType = sourcecode.c.h; path = ViewController.h; sourceTree = "<group>"; };
		65DC493C18CBB2B600E773AC /* ViewController.m */ = {isa = PBXFileReference; lastKnownFileType = sourcecode.c.objc; path = ViewController.m; sourceTree = "<group>"; };
		65DC493E18CBB2B600E773AC /* Images.xcassets */ = {isa = PBXFileReference; lastKnownFileType = folder.assetcatalog; path = Images.xcassets; sourceTree = "<group>"; };
		65DC494418CBB2B600E773AC /* OCThumborExampleTests.xctest */ = {isa = PBXFileReference; explicitFileType = wrapper.cfbundle; includeInIndex = 0; path = OCThumborExampleTests.xctest; sourceTree = BUILT_PRODUCTS_DIR; };
		65DC494518CBB2B600E773AC /* XCTest.framework */ = {isa = PBXFileReference; lastKnownFileType = wrapper.framework; name = XCTest.framework; path = Library/Frameworks/XCTest.framework; sourceTree = DEVELOPER_DIR; };
		65DC494D18CBB2B600E773AC /* OCThumborExampleTests-Info.plist */ = {isa = PBXFileReference; lastKnownFileType = text.plist.xml; path = "OCThumborExampleTests-Info.plist"; sourceTree = "<group>"; };
		65DC494F18CBB2B600E773AC /* en */ = {isa = PBXFileReference; lastKnownFileType = text.plist.strings; name = en; path = en.lproj/InfoPlist.strings; sourceTree = "<group>"; };
		65DC495118CBB2B600E773AC /* OCThumborExampleTests.m */ = {isa = PBXFileReference; lastKnownFileType = sourcecode.c.objc; path = OCThumborExampleTests.m; sourceTree = "<group>"; };
		6D3EFE90CE8E44A69A9C4C85 /* Pods.xcconfig */ = {isa = PBXFileReference; includeInIndex = 1; lastKnownFileType = text.xcconfig; name = Pods.xcconfig; path = Pods/Pods.xcconfig; sourceTree = "<group>"; };
/* End PBXFileReference section */

/* Begin PBXFrameworksBuildPhase section */
		65DC492018CBB2B600E773AC /* Frameworks */ = {
			isa = PBXFrameworksBuildPhase;
			buildActionMask = 2147483647;
			files = (
				65DC492918CBB2B600E773AC /* CoreGraphics.framework in Frameworks */,
				65DC492B18CBB2B600E773AC /* UIKit.framework in Frameworks */,
				65DC492718CBB2B600E773AC /* Foundation.framework in Frameworks */,
				CD00DEDD63B1429BA026C60C /* libPods.a in Frameworks */,
			);
			runOnlyForDeploymentPostprocessing = 0;
		};
		65DC494118CBB2B600E773AC /* Frameworks */ = {
			isa = PBXFrameworksBuildPhase;
			buildActionMask = 2147483647;
			files = (
				65DC494618CBB2B600E773AC /* XCTest.framework in Frameworks */,
				65DC494818CBB2B600E773AC /* UIKit.framework in Frameworks */,
				65DC494718CBB2B600E773AC /* Foundation.framework in Frameworks */,
			);
			runOnlyForDeploymentPostprocessing = 0;
		};
/* End PBXFrameworksBuildPhase section */

/* Begin PBXGroup section */
		65DC491A18CBB2B600E773AC = {
			isa = PBXGroup;
			children = (
				65DC492C18CBB2B600E773AC /* OCThumborExample */,
				65DC494B18CBB2B600E773AC /* OCThumborExampleTests */,
				65DC492518CBB2B600E773AC /* Frameworks */,
				65DC492418CBB2B600E773AC /* Products */,
				6D3EFE90CE8E44A69A9C4C85 /* Pods.xcconfig */,
			);
			sourceTree = "<group>";
		};
		65DC492418CBB2B600E773AC /* Products */ = {
			isa = PBXGroup;
			children = (
				65DC492318CBB2B600E773AC /* OCThumborExample.app */,
				65DC494418CBB2B600E773AC /* OCThumborExampleTests.xctest */,
			);
			name = Products;
			sourceTree = "<group>";
		};
		65DC492518CBB2B600E773AC /* Frameworks */ = {
			isa = PBXGroup;
			children = (
				65DC492618CBB2B600E773AC /* Foundation.framework */,
				65DC492818CBB2B600E773AC /* CoreGraphics.framework */,
				65DC492A18CBB2B600E773AC /* UIKit.framework */,
				65DC494518CBB2B600E773AC /* XCTest.framework */,
				28B034695D20488485DE04FC /* libPods.a */,
			);
			name = Frameworks;
			sourceTree = "<group>";
		};
		65DC492C18CBB2B600E773AC /* OCThumborExample */ = {
			isa = PBXGroup;
			children = (
				65DC493518CBB2B600E773AC /* AppDelegate.h */,
				65DC493618CBB2B600E773AC /* AppDelegate.m */,
				65DC493818CBB2B600E773AC /* Main.storyboard */,
				65DC493B18CBB2B600E773AC /* ViewController.h */,
				65DC493C18CBB2B600E773AC /* ViewController.m */,
				65DC493E18CBB2B600E773AC /* Images.xcassets */,
				65DC492D18CBB2B600E773AC /* Supporting Files */,
			);
			path = OCThumborExample;
			sourceTree = "<group>";
		};
		65DC492D18CBB2B600E773AC /* Supporting Files */ = {
			isa = PBXGroup;
			children = (
				65DC492E18CBB2B600E773AC /* OCThumborExample-Info.plist */,
				65DC492F18CBB2B600E773AC /* InfoPlist.strings */,
				65DC493218CBB2B600E773AC /* main.m */,
				65DC493418CBB2B600E773AC /* OCThumborExample-Prefix.pch */,
			);
			name = "Supporting Files";
			sourceTree = "<group>";
		};
		65DC494B18CBB2B600E773AC /* OCThumborExampleTests */ = {
			isa = PBXGroup;
			children = (
				65DC495118CBB2B600E773AC /* OCThumborExampleTests.m */,
				65DC494C18CBB2B600E773AC /* Supporting Files */,
			);
			path = OCThumborExampleTests;
			sourceTree = "<group>";
		};
		65DC494C18CBB2B600E773AC /* Supporting Files */ = {
			isa = PBXGroup;
			children = (
				65DC494D18CBB2B600E773AC /* OCThumborExampleTests-Info.plist */,
				65DC494E18CBB2B600E773AC /* InfoPlist.strings */,
			);
			name = "Supporting Files";
			sourceTree = "<group>";
		};
/* End PBXGroup section */

/* Begin PBXNativeTarget section */
		65DC492218CBB2B600E773AC /* OCThumborExample */ = {
			isa = PBXNativeTarget;
			buildConfigurationList = 65DC495518CBB2B600E773AC /* Build configuration list for PBXNativeTarget "OCThumborExample" */;
			buildPhases = (
				A97E14F3DA7E4D778DEAEB29 /* Check Pods Manifest.lock */,
				65DC491F18CBB2B600E773AC /* Sources */,
				65DC492018CBB2B600E773AC /* Frameworks */,
				65DC492118CBB2B600E773AC /* Resources */,
				83CBABB07F4346E3B9B4A2AD /* Copy Pods Resources */,
			);
			buildRules = (
			);
			dependencies = (
			);
			name = OCThumborExample;
			productName = OCThumborExample;
			productReference = 65DC492318CBB2B600E773AC /* OCThumborExample.app */;
			productType = "com.apple.product-type.application";
		};
		65DC494318CBB2B600E773AC /* OCThumborExampleTests */ = {
			isa = PBXNativeTarget;
			buildConfigurationList = 65DC495818CBB2B600E773AC /* Build configuration list for PBXNativeTarget "OCThumborExampleTests" */;
			buildPhases = (
				65DC494018CBB2B600E773AC /* Sources */,
				65DC494118CBB2B600E773AC /* Frameworks */,
				65DC494218CBB2B600E773AC /* Resources */,
			);
			buildRules = (
			);
			dependencies = (
				65DC494A18CBB2B600E773AC /* PBXTargetDependency */,
			);
			name = OCThumborExampleTests;
			productName = OCThumborExampleTests;
			productReference = 65DC494418CBB2B600E773AC /* OCThumborExampleTests.xctest */;
			productType = "com.apple.product-type.bundle.unit-test";
		};
/* End PBXNativeTarget section */

/* Begin PBXProject section */
		65DC491B18CBB2B600E773AC /* Project object */ = {
			isa = PBXProject;
			attributes = {
				LastUpgradeCheck = 0500;
				ORGANIZATIONNAME = Codeserv;
				TargetAttributes = {
					65DC494318CBB2B600E773AC = {
						TestTargetID = 65DC492218CBB2B600E773AC;
					};
				};
			};
			buildConfigurationList = 65DC491E18CBB2B600E773AC /* Build configuration list for PBXProject "OCThumborExample" */;
			compatibilityVersion = "Xcode 3.2";
			developmentRegion = English;
			hasScannedForEncodings = 0;
			knownRegions = (
				en,
				Base,
			);
			mainGroup = 65DC491A18CBB2B600E773AC;
			productRefGroup = 65DC492418CBB2B600E773AC /* Products */;
			projectDirPath = "";
			projectRoot = "";
			targets = (
				65DC492218CBB2B600E773AC /* OCThumborExample */,
				65DC494318CBB2B600E773AC /* OCThumborExampleTests */,
			);
		};
/* End PBXProject section */

/* Begin PBXResourcesBuildPhase section */
		65DC492118CBB2B600E773AC /* Resources */ = {
			isa = PBXResourcesBuildPhase;
			buildActionMask = 2147483647;
			files = (
				65DC493F18CBB2B600E773AC /* Images.xcassets in Resources */,
				65DC493118CBB2B600E773AC /* InfoPlist.strings in Resources */,
				65DC493A18CBB2B600E773AC /* Main.storyboard in Resources */,
			);
			runOnlyForDeploymentPostprocessing = 0;
		};
		65DC494218CBB2B600E773AC /* Resources */ = {
			isa = PBXResourcesBuildPhase;
			buildActionMask = 2147483647;
			files = (
				65DC495018CBB2B600E773AC /* InfoPlist.strings in Resources */,
			);
			runOnlyForDeploymentPostprocessing = 0;
		};
/* End PBXResourcesBuildPhase section */

/* Begin PBXShellScriptBuildPhase section */
		83CBABB07F4346E3B9B4A2AD /* Copy Pods Resources */ = {
			isa = PBXShellScriptBuildPhase;
			buildActionMask = 2147483647;
			files = (
			);
			inputPaths = (
			);
			name = "Copy Pods Resources";
			outputPaths = (
			);
			runOnlyForDeploymentPostprocessing = 0;
			shellPath = /bin/sh;
			shellScript = "\"${SRCROOT}/Pods/Pods-resources.sh\"\n";
			showEnvVarsInLog = 0;
		};
		A97E14F3DA7E4D778DEAEB29 /* Check Pods Manifest.lock */ = {
			isa = PBXShellScriptBuildPhase;
			buildActionMask = 2147483647;
			files = (
			);
			inputPaths = (
			);
			name = "Check Pods Manifest.lock";
			outputPaths = (
			);
			runOnlyForDeploymentPostprocessing = 0;
			shellPath = /bin/sh;
			shellScript = "diff \"${PODS_ROOT}/../Podfile.lock\" \"${PODS_ROOT}/Manifest.lock\" > /dev/null\nif [[ $? != 0 ]] ; then\n    cat << EOM\nerror: The sandbox is not in sync with the Podfile.lock. Run 'pod install' or update your CocoaPods installation.\nEOM\n    exit 1\nfi\n";
			showEnvVarsInLog = 0;
		};
/* End PBXShellScriptBuildPhase section */

/* Begin PBXSourcesBuildPhase section */
		65DC491F18CBB2B600E773AC /* Sources */ = {
			isa = PBXSourcesBuildPhase;
			buildActionMask = 2147483647;
			files = (
				65DC493D18CBB2B600E773AC /* ViewController.m in Sources */,
				65DC493718CBB2B600E773AC /* AppDelegate.m in Sources */,
				65DC493318CBB2B600E773AC /* main.m in Sources */,
			);
			runOnlyForDeploymentPostprocessing = 0;
		};
		65DC494018CBB2B600E773AC /* Sources */ = {
			isa = PBXSourcesBuildPhase;
			buildActionMask = 2147483647;
			files = (
				65DC495218CBB2B600E773AC /* OCThumborExampleTests.m in Sources */,
			);
			runOnlyForDeploymentPostprocessing = 0;
		};
/* End PBXSourcesBuildPhase section */

/* Begin PBXTargetDependency section */
		65DC494A18CBB2B600E773AC /* PBXTargetDependency */ = {
			isa = PBXTargetDependency;
			target = 65DC492218CBB2B600E773AC /* OCThumborExample */;
			targetProxy = 65DC494918CBB2B600E773AC /* PBXContainerItemProxy */;
		};
/* End PBXTargetDependency section */

/* Begin PBXVariantGroup section */
		65DC492F18CBB2B600E773AC /* InfoPlist.strings */ = {
			isa = PBXVariantGroup;
			children = (
				65DC493018CBB2B600E773AC /* en */,
			);
			name = InfoPlist.strings;
			sourceTree = "<group>";
		};
		65DC493818CBB2B600E773AC /* Main.storyboard */ = {
			isa = PBXVariantGroup;
			children = (
				65DC493918CBB2B600E773AC /* Base */,
			);
			name = Main.storyboard;
			sourceTree = "<group>";
		};
		65DC494E18CBB2B600E773AC /* InfoPlist.strings */ = {
			isa = PBXVariantGroup;
			children = (
				65DC494F18CBB2B600E773AC /* en */,
			);
			name = InfoPlist.strings;
			sourceTree = "<group>";
		};
/* End PBXVariantGroup section */

/* Begin XCBuildConfiguration section */
		65DC495318CBB2B600E773AC /* Debug */ = {
			isa = XCBuildConfiguration;
			buildSettings = {
				ALWAYS_SEARCH_USER_PATHS = NO;
				ARCHS = "$(ARCHS_STANDARD_INCLUDING_64_BIT)";
				CLANG_CXX_LANGUAGE_STANDARD = "gnu++0x";
				CLANG_CXX_LIBRARY = "libc++";
				CLANG_ENABLE_MODULES = YES;
				CLANG_ENABLE_OBJC_ARC = YES;
				CLANG_WARN_BOOL_CONVERSION = YES;
				CLANG_WARN_CONSTANT_CONVERSION = YES;
				CLANG_WARN_DIRECT_OBJC_ISA_USAGE = YES_ERROR;
				CLANG_WARN_EMPTY_BODY = YES;
				CLANG_WARN_ENUM_CONVERSION = YES;
				CLANG_WARN_INT_CONVERSION = YES;
				CLANG_WARN_OBJC_ROOT_CLASS = YES_ERROR;
				CLANG_WARN__DUPLICATE_METHOD_MATCH = YES;
				"CODE_SIGN_IDENTITY[sdk=iphoneos*]" = "iPhone Developer";
				COPY_PHASE_STRIP = NO;
				GCC_C_LANGUAGE_STANDARD = gnu99;
				GCC_DYNAMIC_NO_PIC = NO;
				GCC_OPTIMIZATION_LEVEL = 0;
				GCC_PREPROCESSOR_DEFINITIONS = (
					"DEBUG=1",
					"$(inherited)",
				);
				GCC_SYMBOLS_PRIVATE_EXTERN = NO;
				GCC_WARN_64_TO_32_BIT_CONVERSION = YES;
				GCC_WARN_ABOUT_RETURN_TYPE = YES_ERROR;
				GCC_WARN_UNDECLARED_SELECTOR = YES;
				GCC_WARN_UNINITIALIZED_AUTOS = YES;
				GCC_WARN_UNUSED_FUNCTION = YES;
				GCC_WARN_UNUSED_VARIABLE = YES;
				IPHONEOS_DEPLOYMENT_TARGET = 7.0;
				ONLY_ACTIVE_ARCH = YES;
				SDKROOT = iphoneos;
			};
			name = Debug;
		};
		65DC495418CBB2B600E773AC /* Release */ = {
			isa = XCBuildConfiguration;
			buildSettings = {
				ALWAYS_SEARCH_USER_PATHS = NO;
				ARCHS = "$(ARCHS_STANDARD_INCLUDING_64_BIT)";
				CLANG_CXX_LANGUAGE_STANDARD = "gnu++0x";
				CLANG_CXX_LIBRARY = "libc++";
				CLANG_ENABLE_MODULES = YES;
				CLANG_ENABLE_OBJC_ARC = YES;
				CLANG_WARN_BOOL_CONVERSION = YES;
				CLANG_WARN_CONSTANT_CONVERSION = YES;
				CLANG_WARN_DIRECT_OBJC_ISA_USAGE = YES_ERROR;
				CLANG_WARN_EMPTY_BODY = YES;
				CLANG_WARN_ENUM_CONVERSION = YES;
				CLANG_WARN_INT_CONVERSION = YES;
				CLANG_WARN_OBJC_ROOT_CLASS = YES_ERROR;
				CLANG_WARN__DUPLICATE_METHOD_MATCH = YES;
				"CODE_SIGN_IDENTITY[sdk=iphoneos*]" = "iPhone Developer";
				COPY_PHASE_STRIP = YES;
				ENABLE_NS_ASSERTIONS = NO;
				GCC_C_LANGUAGE_STANDARD = gnu99;
				GCC_WARN_64_TO_32_BIT_CONVERSION = YES;
				GCC_WARN_ABOUT_RETURN_TYPE = YES_ERROR;
				GCC_WARN_UNDECLARED_SELECTOR = YES;
				GCC_WARN_UNINITIALIZED_AUTOS = YES;
				GCC_WARN_UNUSED_FUNCTION = YES;
				GCC_WARN_UNUSED_VARIABLE = YES;
				IPHONEOS_DEPLOYMENT_TARGET = 7.0;
				SDKROOT = iphoneos;
				VALIDATE_PRODUCT = YES;
			};
			name = Release;
		};
		65DC495618CBB2B600E773AC /* Debug */ = {
			isa = XCBuildConfiguration;
			baseConfigurationReference = 6D3EFE90CE8E44A69A9C4C85 /* Pods.xcconfig */;
			buildSettings = {
				ASSETCATALOG_COMPILER_APPICON_NAME = AppIcon;
				ASSETCATALOG_COMPILER_LAUNCHIMAGE_NAME = LaunchImage;
				GCC_PRECOMPILE_PREFIX_HEADER = YES;
				GCC_PREFIX_HEADER = "OCThumborExample/OCThumborExample-Prefix.pch";
				INFOPLIST_FILE = "OCThumborExample/OCThumborExample-Info.plist";
				PRODUCT_NAME = "$(TARGET_NAME)";
				WRAPPER_EXTENSION = app;
			};
			name = Debug;
		};
		65DC495718CBB2B600E773AC /* Release */ = {
			isa = XCBuildConfiguration;
			baseConfigurationReference = 6D3EFE90CE8E44A69A9C4C85 /* Pods.xcconfig */;
			buildSettings = {
				ASSETCATALOG_COMPILER_APPICON_NAME = AppIcon;
				ASSETCATALOG_COMPILER_LAUNCHIMAGE_NAME = LaunchImage;
				GCC_PRECOMPILE_PREFIX_HEADER = YES;
				GCC_PREFIX_HEADER = "OCThumborExample/OCThumborExample-Prefix.pch";
				INFOPLIST_FILE = "OCThumborExample/OCThumborExample-Info.plist";
				PRODUCT_NAME = "$(TARGET_NAME)";
				WRAPPER_EXTENSION = app;
			};
			name = Release;
		};
		65DC495918CBB2B600E773AC /* Debug */ = {
			isa = XCBuildConfiguration;
			buildSettings = {
				ARCHS = "$(ARCHS_STANDARD_INCLUDING_64_BIT)";
				BUNDLE_LOADER = "$(BUILT_PRODUCTS_DIR)/OCThumborExample.app/OCThumborExample";
				FRAMEWORK_SEARCH_PATHS = (
					"$(SDKROOT)/Developer/Library/Frameworks",
					"$(inherited)",
					"$(DEVELOPER_FRAMEWORKS_DIR)",
				);
				GCC_PRECOMPILE_PREFIX_HEADER = YES;
				GCC_PREFIX_HEADER = "OCThumborExample/OCThumborExample-Prefix.pch";
				GCC_PREPROCESSOR_DEFINITIONS = (
					"DEBUG=1",
					"$(inherited)",
				);
				INFOPLIST_FILE = "OCThumborExampleTests/OCThumborExampleTests-Info.plist";
				PRODUCT_NAME = "$(TARGET_NAME)";
				TEST_HOST = "$(BUNDLE_LOADER)";
				WRAPPER_EXTENSION = xctest;
			};
			name = Debug;
		};
		65DC495A18CBB2B600E773AC /* Release */ = {
			isa = XCBuildConfiguration;
			buildSettings = {
				ARCHS = "$(ARCHS_STANDARD_INCLUDING_64_BIT)";
				BUNDLE_LOADER = "$(BUILT_PRODUCTS_DIR)/OCThumborExample.app/OCThumborExample";
				FRAMEWORK_SEARCH_PATHS = (
					"$(SDKROOT)/Developer/Library/Frameworks",
					"$(inherited)",
					"$(DEVELOPER_FRAMEWORKS_DIR)",
				);
				GCC_PRECOMPILE_PREFIX_HEADER = YES;
				GCC_PREFIX_HEADER = "OCThumborExample/OCThumborExample-Prefix.pch";
				INFOPLIST_FILE = "OCThumborExampleTests/OCThumborExampleTests-Info.plist";
				PRODUCT_NAME = "$(TARGET_NAME)";
				TEST_HOST = "$(BUNDLE_LOADER)";
				WRAPPER_EXTENSION = xctest;
			};
			name = Release;
		};
/* End XCBuildConfiguration section */

/* Begin XCConfigurationList section */
		65DC491E18CBB2B600E773AC /* Build configuration list for PBXProject "OCThumborExample" */ = {
			isa = XCConfigurationList;
			buildConfigurations = (
				65DC495318CBB2B600E773AC /* Debug */,
				65DC495418CBB2B600E773AC /* Release */,
			);
			defaultConfigurationIsVisible = 0;
			defaultConfigurationName = Release;
		};
		65DC495518CBB2B600E773AC /* Build configuration list for PBXNativeTarget "OCThumborExample" */ = {
			isa = XCConfigurationList;
			buildConfigurations = (
				65DC495618CBB2B600E773AC /* Debug */,
				65DC495718CBB2B600E773AC /* Release */,
			);
			defaultConfigurationIsVisible = 0;
			defaultConfigurationName = Release;
		};
		65DC495818CBB2B600E773AC /* Build configuration list for PBXNativeTarget "OCThumborExampleTests" */ = {
			isa = XCConfigurationList;
			buildConfigurations = (
				65DC495918CBB2B600E773AC /* Debug */,
				65DC495A18CBB2B600E773AC /* Release */,
			);
			defaultConfigurationIsVisible = 0;
			defaultConfigurationName = Release;
		};
/* End XCConfigurationList section */
	};
	rootObject = 65DC491B18CBB2B600E773AC /* Project object */;
}
